
Microsoft Visual Studio Solution File, Format Version 12.00
# Visual Studio Version 16
VisualStudioVersion = 16.0.30907.101
MinimumVisualStudioVersion = 10.0.40219.1
Project("{FAE04EC0-301F-11D3-BF4B-00C04F79EFBC}") = "Taller_1_Ejercicio_9", "Taller_1_Ejercicio_9\Taller_1_Ejercicio_9.csproj", "{6E84083F-E595-4240-AB5C-D28231B7B69E}"
EndProject
Global
	GlobalSection(SolutionConfigurationPlatforms) = preSolution
		Debug|Any CPU = Debug|Any CPU
		Release|Any CPU = Release|Any CPU
	EndGlobalSection
	GlobalSection(ProjectConfigurationPlatforms) = postSolution
		{6E84083F-E595-4240-AB5C-D28231B7B69E}.Debug|Any CPU.ActiveCfg = Debug|Any CPU
		{6E84083F-E595-4240-AB5C-D28231B7B69E}.Debug|Any CPU.Build.0 = Debug|Any CPU
		{6E84083F-E595-4240-AB5C-D28231B7B69E}.Release|Any CPU.ActiveCfg = Release|Any CPU
		{6E84083F-E595-4240-AB5C-D28231B7B69E}.Release|Any CPU.Build.0 = Release|Any CPU
	EndGlobalSection
	GlobalSection(SolutionProperties) = preSolution
		HideSolutionNode = FALSE
	EndGlobalSection
	GlobalSection(ExtensibilityGlobals) = postSolution
		SolutionGuid = {68184197-A676-4C8C-922C-2E654AAF5989}
	EndGlobalSection
EndGlobal
