
Microsoft Visual Studio Solution File, Format Version 12.00
# Visual Studio Version 16
VisualStudioVersion = 16.0.30907.101
MinimumVisualStudioVersion = 10.0.40219.1
Project("{FAE04EC0-301F-11D3-BF4B-00C04F79EFBC}") = "Taller_1_Ejercicio_4", "Taller_1_Ejercicio_4\Taller_1_Ejercicio_4.csproj", "{70DDB698-CF63-434A-98BB-22BCC05BDA46}"
EndProject
Global
	GlobalSection(SolutionConfigurationPlatforms) = preSolution
		Debug|Any CPU = Debug|Any CPU
		Release|Any CPU = Release|Any CPU
	EndGlobalSection
	GlobalSection(ProjectConfigurationPlatforms) = postSolution
		{70DDB698-CF63-434A-98BB-22BCC05BDA46}.Debug|Any CPU.ActiveCfg = Debug|Any CPU
		{70DDB698-CF63-434A-98BB-22BCC05BDA46}.Debug|Any CPU.Build.0 = Debug|Any CPU
		{70DDB698-CF63-434A-98BB-22BCC05BDA46}.Release|Any CPU.ActiveCfg = Release|Any CPU
		{70DDB698-CF63-434A-98BB-22BCC05BDA46}.Release|Any CPU.Build.0 = Release|Any CPU
	EndGlobalSection
	GlobalSection(SolutionProperties) = preSolution
		HideSolutionNode = FALSE
	EndGlobalSection
	GlobalSection(ExtensibilityGlobals) = postSolution
		SolutionGuid = {2E6387FE-A460-4525-991A-D6205FC52033}
	EndGlobalSection
EndGlobal
